<?xml version="1.0" encoding="utf-8"?>
<Project ToolsVersion="18.0" xmlns="http://schemas.microsoft.com/developer/msbuild/2003">
  <ItemGroup>
    <CustomBuild Include="C:\Users\user\project\RTSP_\build_fresh\CMakeFiles\fff362ed834c05ef64e56c6df3869a6e\generate.stamp.rule">
      <Filter>CMake Rules</Filter>
    </CustomBuild>
  </ItemGroup>
  <ItemGroup>
    <Filter Include="CMake Rules">
      <UniqueIdentifier>{03C2E0C0-B382-309F-8228-3EFCB827348B}</UniqueIdentifier>
    </Filter>
  </ItemGroup>
</Project>
